{
  "pins" : [
    {
      "identity" : "archiverkit",
      "kind" : "remoteSourceControl",
      "location" : "https://github.com/LiLiKazine/ArchiverKit.git",
      "state" : {
        "branch" : "main",
        "revision" : "c9d46ae3780d8254078038ca93597b9e87987f33"
      }
    }
  ],
  "version" : 2
}
