{
  "pins" : [
    {
      "identity" : "archiverkit",
      "kind" : "remoteSourceControl",
      "location" : "https://github.com/LiLiKazine/ArchiverKit.git",
      "state" : {
        "revision" : "8454d9ca8f3b32a8c0b830ad73217ca97b31f68d",
        "version" : "0.1.0"
      }
    }
  ],
  "version" : 2
}
