// !$*UTF8*$!
{
	archiveVersion = 1;
	classes = {
	};
	objectVersion = 56;
	objects = {

/* Begin PBXBuildFile section */
		226A6C632C0F147D0063BC3A /* ImageKit.h in Headers */ = {isa = PBXBuildFile; fileRef = 226A6C622C0F147D0063BC3A /* ImageKit.h */; };
		226A6C6F2C0F17430063BC3A /* IKImage.swift in Sources */ = {isa = PBXBuildFile; fileRef = 226A6C6A2C0F17430063BC3A /* IKImage.swift */; };
		226A6C702C0F17430063BC3A /* IKImage.swift in Sources */ = {isa = PBXBuildFile; fileRef = 226A6C6A2C0F17430063BC3A /* IKImage.swift */; };
		226A6C712C0F17430063BC3A /* IKImagePresenter.swift in Sources */ = {isa = PBXBuildFile; fileRef = 226A6C6B2C0F17430063BC3A /* IKImagePresenter.swift */; };
		226A6C722C0F17430063BC3A /* IKImagePresenter.swift in Sources */ = {isa = PBXBuildFile; fileRef = 226A6C6B2C0F17430063BC3A /* IKImagePresenter.swift */; };
		226A6C732C0F17430063BC3A /* IKImage+Binder.swift in Sources */ = {isa = PBXBuildFile; fileRef = 226A6C6C2C0F17430063BC3A /* IKImage+Binder.swift */; };
		226A6C742C0F17430063BC3A /* IKImage+Binder.swift in Sources */ = {isa = PBXBuildFile; fileRef = 226A6C6C2C0F17430063BC3A /* IKImage+Binder.swift */; };
		226A6C752C0F17430063BC3A /* IKImagePresenter+Image.swift in Sources */ = {isa = PBXBuildFile; fileRef = 226A6C6D2C0F17430063BC3A /* IKImagePresenter+Image.swift */; };
		226A6C762C0F17430063BC3A /* IKImagePresenter+Image.swift in Sources */ = {isa = PBXBuildFile; fileRef = 226A6C6D2C0F17430063BC3A /* IKImagePresenter+Image.swift */; };
		226A6C772C0F17430063BC3A /* IKImageRenderer.swift in Sources */ = {isa = PBXBuildFile; fileRef = 226A6C6E2C0F17430063BC3A /* IKImageRenderer.swift */; };
		226A6C782C0F17430063BC3A /* IKImageRenderer.swift in Sources */ = {isa = PBXBuildFile; fileRef = 226A6C6E2C0F17430063BC3A /* IKImageRenderer.swift */; };
		226A6C7B2C0F17520063BC3A /* Plugins.swift in Sources */ = {isa = PBXBuildFile; fileRef = 226A6C792C0F17520063BC3A /* Plugins.swift */; };
		226A6C7C2C0F17520063BC3A /* Plugins.swift in Sources */ = {isa = PBXBuildFile; fileRef = 226A6C792C0F17520063BC3A /* Plugins.swift */; };
		226A6C7D2C0F17520063BC3A /* RendererContext.swift in Sources */ = {isa = PBXBuildFile; fileRef = 226A6C7A2C0F17520063BC3A /* RendererContext.swift */; };
		226A6C7E2C0F17520063BC3A /* RendererContext.swift in Sources */ = {isa = PBXBuildFile; fileRef = 226A6C7A2C0F17520063BC3A /* RendererContext.swift */; };
		226A6C842C0F177D0063BC3A /* LocalDataRetriver.swift in Sources */ = {isa = PBXBuildFile; fileRef = 226A6C832C0F177D0063BC3A /* LocalDataRetriver.swift */; };
		226A6C852C0F177D0063BC3A /* LocalDataRetriver.swift in Sources */ = {isa = PBXBuildFile; fileRef = 226A6C832C0F177D0063BC3A /* LocalDataRetriver.swift */; };
		22C0810D2C0F1153002820F9 /* ImageKit.docc in Sources */ = {isa = PBXBuildFile; fileRef = 22C0810C2C0F1153002820F9 /* ImageKit.docc */; };
		22C081132C0F1153002820F9 /* ImageKit.framework in Frameworks */ = {isa = PBXBuildFile; fileRef = 22C081082C0F1153002820F9 /* ImageKit.framework */; };
		22C081182C0F1153002820F9 /* ImageKitTests.swift in Sources */ = {isa = PBXBuildFile; fileRef = 22C081172C0F1153002820F9 /* ImageKitTests.swift */; };
/* End PBXBuildFile section */

/* Begin PBXContainerItemProxy section */
		22C081142C0F1153002820F9 /* PBXContainerItemProxy */ = {
			isa = PBXContainerItemProxy;
			containerPortal = 22C080FF2C0F1153002820F9 /* Project object */;
			proxyType = 1;
			remoteGlobalIDString = 22C081072C0F1153002820F9;
			remoteInfo = ImageKit;
		};
/* End PBXContainerItemProxy section */

/* Begin PBXFileReference section */
		226A6C622C0F147D0063BC3A /* ImageKit.h */ = {isa = PBXFileReference; fileEncoding = 4; lastKnownFileType = sourcecode.c.h; path = ImageKit.h; sourceTree = "<group>"; };
		226A6C6A2C0F17430063BC3A /* IKImage.swift */ = {isa = PBXFileReference; fileEncoding = 4; lastKnownFileType = sourcecode.swift; path = IKImage.swift; sourceTree = "<group>"; };
		226A6C6B2C0F17430063BC3A /* IKImagePresenter.swift */ = {isa = PBXFileReference; fileEncoding = 4; lastKnownFileType = sourcecode.swift; path = IKImagePresenter.swift; sourceTree = "<group>"; };
		226A6C6C2C0F17430063BC3A /* IKImage+Binder.swift */ = {isa = PBXFileReference; fileEncoding = 4; lastKnownFileType = sourcecode.swift; path = "IKImage+Binder.swift"; sourceTree = "<group>"; };
		226A6C6D2C0F17430063BC3A /* IKImagePresenter+Image.swift */ = {isa = PBXFileReference; fileEncoding = 4; lastKnownFileType = sourcecode.swift; path = "IKImagePresenter+Image.swift"; sourceTree = "<group>"; };
		226A6C6E2C0F17430063BC3A /* IKImageRenderer.swift */ = {isa = PBXFileReference; fileEncoding = 4; lastKnownFileType = sourcecode.swift; path = IKImageRenderer.swift; sourceTree = "<group>"; };
		226A6C792C0F17520063BC3A /* Plugins.swift */ = {isa = PBXFileReference; fileEncoding = 4; lastKnownFileType = sourcecode.swift; path = Plugins.swift; sourceTree = "<group>"; };
		226A6C7A2C0F17520063BC3A /* RendererContext.swift */ = {isa = PBXFileReference; fileEncoding = 4; lastKnownFileType = sourcecode.swift; path = RendererContext.swift; sourceTree = "<group>"; };
		226A6C832C0F177D0063BC3A /* LocalDataRetriver.swift */ = {isa = PBXFileReference; fileEncoding = 4; lastKnownFileType = sourcecode.swift; path = LocalDataRetriver.swift; sourceTree = "<group>"; };
		22C081082C0F1153002820F9 /* ImageKit.framework */ = {isa = PBXFileReference; explicitFileType = wrapper.framework; includeInIndex = 0; path = ImageKit.framework; sourceTree = BUILT_PRODUCTS_DIR; };
		22C0810C2C0F1153002820F9 /* ImageKit.docc */ = {isa = PBXFileReference; lastKnownFileType = folder.documentationcatalog; path = ImageKit.docc; sourceTree = "<group>"; };
		22C081122C0F1153002820F9 /* ImageKitTests.xctest */ = {isa = PBXFileReference; explicitFileType = wrapper.cfbundle; includeInIndex = 0; path = ImageKitTests.xctest; sourceTree = BUILT_PRODUCTS_DIR; };
		22C081172C0F1153002820F9 /* ImageKitTests.swift */ = {isa = PBXFileReference; lastKnownFileType = sourcecode.swift; path = ImageKitTests.swift; sourceTree = "<group>"; };
/* End PBXFileReference section */

/* Begin PBXFrameworksBuildPhase section */
		22C081052C0F1153002820F9 /* Frameworks */ = {
			isa = PBXFrameworksBuildPhase;
			buildActionMask = 2147483647;
			files = (
			);
			runOnlyForDeploymentPostprocessing = 0;
		};
		22C0810F2C0F1153002820F9 /* Frameworks */ = {
			isa = PBXFrameworksBuildPhase;
			buildActionMask = 2147483647;
			files = (
				22C081132C0F1153002820F9 /* ImageKit.framework in Frameworks */,
			);
			runOnlyForDeploymentPostprocessing = 0;
		};
/* End PBXFrameworksBuildPhase section */

/* Begin PBXGroup section */
		226A6C822C0F177D0063BC3A /* Retrivers */ = {
			isa = PBXGroup;
			children = (
				226A6C832C0F177D0063BC3A /* LocalDataRetriver.swift */,
			);
			path = Retrivers;
			sourceTree = "<group>";
		};
		226A6C862C0F17910063BC3A /* Sources */ = {
			isa = PBXGroup;
			children = (
				226A6C6A2C0F17430063BC3A /* IKImage.swift */,
				226A6C6C2C0F17430063BC3A /* IKImage+Binder.swift */,
				226A6C6B2C0F17430063BC3A /* IKImagePresenter.swift */,
				226A6C6D2C0F17430063BC3A /* IKImagePresenter+Image.swift */,
				226A6C6E2C0F17430063BC3A /* IKImageRenderer.swift */,
				226A6C792C0F17520063BC3A /* Plugins.swift */,
				226A6C7A2C0F17520063BC3A /* RendererContext.swift */,
				226A6C822C0F177D0063BC3A /* Retrivers */,
			);
			path = Sources;
			sourceTree = "<group>";
		};
		22C080FE2C0F1153002820F9 = {
			isa = PBXGroup;
			children = (
				22C0810A2C0F1153002820F9 /* ImageKit */,
				22C081162C0F1153002820F9 /* ImageKitTests */,
				22C081092C0F1153002820F9 /* Products */,
			);
			sourceTree = "<group>";
		};
		22C081092C0F1153002820F9 /* Products */ = {
			isa = PBXGroup;
			children = (
				22C081082C0F1153002820F9 /* ImageKit.framework */,
				22C081122C0F1153002820F9 /* ImageKitTests.xctest */,
			);
			name = Products;
			sourceTree = "<group>";
		};
		22C0810A2C0F1153002820F9 /* ImageKit */ = {
			isa = PBXGroup;
			children = (
				226A6C622C0F147D0063BC3A /* ImageKit.h */,
				226A6C862C0F17910063BC3A /* Sources */,
				22C0810C2C0F1153002820F9 /* ImageKit.docc */,
			);
			path = ImageKit;
			sourceTree = "<group>";
		};
		22C081162C0F1153002820F9 /* ImageKitTests */ = {
			isa = PBXGroup;
			children = (
				22C081172C0F1153002820F9 /* ImageKitTests.swift */,
			);
			path = ImageKitTests;
			sourceTree = "<group>";
		};
/* End PBXGroup section */

/* Begin PBXHeadersBuildPhase section */
		22C081032C0F1153002820F9 /* Headers */ = {
			isa = PBXHeadersBuildPhase;
			buildActionMask = 2147483647;
			files = (
				226A6C632C0F147D0063BC3A /* ImageKit.h in Headers */,
			);
			runOnlyForDeploymentPostprocessing = 0;
		};
/* End PBXHeadersBuildPhase section */

/* Begin PBXNativeTarget section */
		22C081072C0F1153002820F9 /* ImageKit */ = {
			isa = PBXNativeTarget;
			buildConfigurationList = 22C0811C2C0F1153002820F9 /* Build configuration list for PBXNativeTarget "ImageKit" */;
			buildPhases = (
				22C081032C0F1153002820F9 /* Headers */,
				22C081042C0F1153002820F9 /* Sources */,
				22C081052C0F1153002820F9 /* Frameworks */,
				22C081062C0F1153002820F9 /* Resources */,
			);
			buildRules = (
			);
			dependencies = (
			);
			name = ImageKit;
			productName = ImageKit;
			productReference = 22C081082C0F1153002820F9 /* ImageKit.framework */;
			productType = "com.apple.product-type.framework";
		};
		22C081112C0F1153002820F9 /* ImageKitTests */ = {
			isa = PBXNativeTarget;
			buildConfigurationList = 22C0811F2C0F1153002820F9 /* Build configuration list for PBXNativeTarget "ImageKitTests" */;
			buildPhases = (
				22C0810E2C0F1153002820F9 /* Sources */,
				22C0810F2C0F1153002820F9 /* Frameworks */,
				22C081102C0F1153002820F9 /* Resources */,
			);
			buildRules = (
			);
			dependencies = (
				22C081152C0F1153002820F9 /* PBXTargetDependency */,
			);
			name = ImageKitTests;
			productName = ImageKitTests;
			productReference = 22C081122C0F1153002820F9 /* ImageKitTests.xctest */;
			productType = "com.apple.product-type.bundle.unit-test";
		};
/* End PBXNativeTarget section */

/* Begin PBXProject section */
		22C080FF2C0F1153002820F9 /* Project object */ = {
			isa = PBXProject;
			attributes = {
				BuildIndependentTargetsInParallel = 1;
				LastSwiftUpdateCheck = 1520;
				LastUpgradeCheck = 1520;
				TargetAttributes = {
					22C081072C0F1153002820F9 = {
						CreatedOnToolsVersion = 15.2;
					};
					22C081112C0F1153002820F9 = {
						CreatedOnToolsVersion = 15.2;
					};
				};
			};
			buildConfigurationList = 22C081022C0F1153002820F9 /* Build configuration list for PBXProject "ImageKit" */;
			compatibilityVersion = "Xcode 14.0";
			developmentRegion = en;
			hasScannedForEncodings = 0;
			knownRegions = (
				en,
				Base,
			);
			mainGroup = 22C080FE2C0F1153002820F9;
			productRefGroup = 22C081092C0F1153002820F9 /* Products */;
			projectDirPath = "";
			projectRoot = "";
			targets = (
				22C081072C0F1153002820F9 /* ImageKit */,
				22C081112C0F1153002820F9 /* ImageKitTests */,
			);
		};
/* End PBXProject section */

/* Begin PBXResourcesBuildPhase section */
		22C081062C0F1153002820F9 /* Resources */ = {
			isa = PBXResourcesBuildPhase;
			buildActionMask = 2147483647;
			files = (
			);
			runOnlyForDeploymentPostprocessing = 0;
		};
		22C081102C0F1153002820F9 /* Resources */ = {
			isa = PBXResourcesBuildPhase;
			buildActionMask = 2147483647;
			files = (
			);
			runOnlyForDeploymentPostprocessing = 0;
		};
/* End PBXResourcesBuildPhase section */

/* Begin PBXSourcesBuildPhase section */
		22C081042C0F1153002820F9 /* Sources */ = {
			isa = PBXSourcesBuildPhase;
			buildActionMask = 2147483647;
			files = (
				226A6C732C0F17430063BC3A /* IKImage+Binder.swift in Sources */,
				226A6C712C0F17430063BC3A /* IKImagePresenter.swift in Sources */,
				226A6C7B2C0F17520063BC3A /* Plugins.swift in Sources */,
				22C0810D2C0F1153002820F9 /* ImageKit.docc in Sources */,
				226A6C7D2C0F17520063BC3A /* RendererContext.swift in Sources */,
				226A6C752C0F17430063BC3A /* IKImagePresenter+Image.swift in Sources */,
				226A6C6F2C0F17430063BC3A /* IKImage.swift in Sources */,
				226A6C842C0F177D0063BC3A /* LocalDataRetriver.swift in Sources */,
				226A6C772C0F17430063BC3A /* IKImageRenderer.swift in Sources */,
			);
			runOnlyForDeploymentPostprocessing = 0;
		};
		22C0810E2C0F1153002820F9 /* Sources */ = {
			isa = PBXSourcesBuildPhase;
			buildActionMask = 2147483647;
			files = (
				226A6C742C0F17430063BC3A /* IKImage+Binder.swift in Sources */,
				226A6C722C0F17430063BC3A /* IKImagePresenter.swift in Sources */,
				226A6C7C2C0F17520063BC3A /* Plugins.swift in Sources */,
				22C081182C0F1153002820F9 /* ImageKitTests.swift in Sources */,
				226A6C7E2C0F17520063BC3A /* RendererContext.swift in Sources */,
				226A6C762C0F17430063BC3A /* IKImagePresenter+Image.swift in Sources */,
				226A6C702C0F17430063BC3A /* IKImage.swift in Sources */,
				226A6C852C0F177D0063BC3A /* LocalDataRetriver.swift in Sources */,
				226A6C782C0F17430063BC3A /* IKImageRenderer.swift in Sources */,
			);
			runOnlyForDeploymentPostprocessing = 0;
		};
/* End PBXSourcesBuildPhase section */

/* Begin PBXTargetDependency section */
		22C081152C0F1153002820F9 /* PBXTargetDependency */ = {
			isa = PBXTargetDependency;
			target = 22C081072C0F1153002820F9 /* ImageKit */;
			targetProxy = 22C081142C0F1153002820F9 /* PBXContainerItemProxy */;
		};
/* End PBXTargetDependency section */

/* Begin XCBuildConfiguration section */
		22C0811A2C0F1153002820F9 /* Debug */ = {
			isa = XCBuildConfiguration;
			buildSettings = {
				ALWAYS_SEARCH_USER_PATHS = NO;
				ASSETCATALOG_COMPILER_GENERATE_SWIFT_ASSET_SYMBOL_EXTENSIONS = YES;
				CLANG_ANALYZER_NONNULL = YES;
				CLANG_ANALYZER_NUMBER_OBJECT_CONVERSION = YES_AGGRESSIVE;
				CLANG_CXX_LANGUAGE_STANDARD = "gnu++20";
				CLANG_ENABLE_MODULES = YES;
				CLANG_ENABLE_OBJC_ARC = YES;
				CLANG_ENABLE_OBJC_WEAK = YES;
				CLANG_WARN_BLOCK_CAPTURE_AUTORELEASING = YES;
				CLANG_WARN_BOOL_CONVERSION = YES;
				CLANG_WARN_COMMA = YES;
				CLANG_WARN_CONSTANT_CONVERSION = YES;
				CLANG_WARN_DEPRECATED_OBJC_IMPLEMENTATIONS = YES;
				CLANG_WARN_DIRECT_OBJC_ISA_USAGE = YES_ERROR;
				CLANG_WARN_DOCUMENTATION_COMMENTS = YES;
				CLANG_WARN_EMPTY_BODY = YES;
				CLANG_WARN_ENUM_CONVERSION = YES;
				CLANG_WARN_INFINITE_RECURSION = YES;
				CLANG_WARN_INT_CONVERSION = YES;
				CLANG_WARN_NON_LITERAL_NULL_CONVERSION = YES;
				CLANG_WARN_OBJC_IMPLICIT_RETAIN_SELF = YES;
				CLANG_WARN_OBJC_LITERAL_CONVERSION = YES;
				CLANG_WARN_OBJC_ROOT_CLASS = YES_ERROR;
				CLANG_WARN_QUOTED_INCLUDE_IN_FRAMEWORK_HEADER = YES;
				CLANG_WARN_RANGE_LOOP_ANALYSIS = YES;
				CLANG_WARN_STRICT_PROTOTYPES = YES;
				CLANG_WARN_SUSPICIOUS_MOVE = YES;
				CLANG_WARN_UNGUARDED_AVAILABILITY = YES_AGGRESSIVE;
				CLANG_WARN_UNREACHABLE_CODE = YES;
				CLANG_WARN__DUPLICATE_METHOD_MATCH = YES;
				COPY_PHASE_STRIP = NO;
				CURRENT_PROJECT_VERSION = 1;
				DEBUG_INFORMATION_FORMAT = dwarf;
				ENABLE_STRICT_OBJC_MSGSEND = YES;
				ENABLE_TESTABILITY = YES;
				ENABLE_USER_SCRIPT_SANDBOXING = YES;
				GCC_C_LANGUAGE_STANDARD = gnu17;
				GCC_DYNAMIC_NO_PIC = NO;
				GCC_NO_COMMON_BLOCKS = YES;
				GCC_OPTIMIZATION_LEVEL = 0;
				GCC_PREPROCESSOR_DEFINITIONS = (
					"DEBUG=1",
					"$(inherited)",
				);
				GCC_WARN_64_TO_32_BIT_CONVERSION = YES;
				GCC_WARN_ABOUT_RETURN_TYPE = YES_ERROR;
				GCC_WARN_UNDECLARED_SELECTOR = YES;
				GCC_WARN_UNINITIALIZED_AUTOS = YES_AGGRESSIVE;
				GCC_WARN_UNUSED_FUNCTION = YES;
				GCC_WARN_UNUSED_VARIABLE = YES;
				IPHONEOS_DEPLOYMENT_TARGET = 17.2;
				LOCALIZATION_PREFERS_STRING_CATALOGS = YES;
				MTL_ENABLE_DEBUG_INFO = INCLUDE_SOURCE;
				MTL_FAST_MATH = YES;
				ONLY_ACTIVE_ARCH = YES;
				SDKROOT = iphoneos;
				SWIFT_ACTIVE_COMPILATION_CONDITIONS = "DEBUG $(inherited)";
				SWIFT_OPTIMIZATION_LEVEL = "-Onone";
				VERSIONING_SYSTEM = "apple-generic";
				VERSION_INFO_PREFIX = "";
			};
			name = Debug;
		};
		22C0811B2C0F1153002820F9 /* Release */ = {
			isa = XCBuildConfiguration;
			buildSettings = {
				ALWAYS_SEARCH_USER_PATHS = NO;
				ASSETCATALOG_COMPILER_GENERATE_SWIFT_ASSET_SYMBOL_EXTENSIONS = YES;
				CLANG_ANALYZER_NONNULL = YES;
				CLANG_ANALYZER_NUMBER_OBJECT_CONVERSION = YES_AGGRESSIVE;
				CLANG_CXX_LANGUAGE_STANDARD = "gnu++20";
				CLANG_ENABLE_MODULES = YES;
				CLANG_ENABLE_OBJC_ARC = YES;
				CLANG_ENABLE_OBJC_WEAK = YES;
				CLANG_WARN_BLOCK_CAPTURE_AUTORELEASING = YES;
				CLANG_WARN_BOOL_CONVERSION = YES;
				CLANG_WARN_COMMA = YES;
				CLANG_WARN_CONSTANT_CONVERSION = YES;
				CLANG_WARN_DEPRECATED_OBJC_IMPLEMENTATIONS = YES;
				CLANG_WARN_DIRECT_OBJC_ISA_USAGE = YES_ERROR;
				CLANG_WARN_DOCUMENTATION_COMMENTS = YES;
				CLANG_WARN_EMPTY_BODY = YES;
				CLANG_WARN_ENUM_CONVERSION = YES;
				CLANG_WARN_INFINITE_RECURSION = YES;
				CLANG_WARN_INT_CONVERSION = YES;
				CLANG_WARN_NON_LITERAL_NULL_CONVERSION = YES;
				CLANG_WARN_OBJC_IMPLICIT_RETAIN_SELF = YES;
				CLANG_WARN_OBJC_LITERAL_CONVERSION = YES;
				CLANG_WARN_OBJC_ROOT_CLASS = YES_ERROR;
				CLANG_WARN_QUOTED_INCLUDE_IN_FRAMEWORK_HEADER = YES;
				CLANG_WARN_RANGE_LOOP_ANALYSIS = YES;
				CLANG_WARN_STRICT_PROTOTYPES = YES;
				CLANG_WARN_SUSPICIOUS_MOVE = YES;
				CLANG_WARN_UNGUARDED_AVAILABILITY = YES_AGGRESSIVE;
				CLANG_WARN_UNREACHABLE_CODE = YES;
				CLANG_WARN__DUPLICATE_METHOD_MATCH = YES;
				COPY_PHASE_STRIP = NO;
				CURRENT_PROJECT_VERSION = 1;
				DEBUG_INFORMATION_FORMAT = "dwarf-with-dsym";
				ENABLE_NS_ASSERTIONS = NO;
				ENABLE_STRICT_OBJC_MSGSEND = YES;
				ENABLE_USER_SCRIPT_SANDBOXING = YES;
				GCC_C_LANGUAGE_STANDARD = gnu17;
				GCC_NO_COMMON_BLOCKS = YES;
				GCC_WARN_64_TO_32_BIT_CONVERSION = YES;
				GCC_WARN_ABOUT_RETURN_TYPE = YES_ERROR;
				GCC_WARN_UNDECLARED_SELECTOR = YES;
				GCC_WARN_UNINITIALIZED_AUTOS = YES_AGGRESSIVE;
				GCC_WARN_UNUSED_FUNCTION = YES;
				GCC_WARN_UNUSED_VARIABLE = YES;
				IPHONEOS_DEPLOYMENT_TARGET = 17.2;
				LOCALIZATION_PREFERS_STRING_CATALOGS = YES;
				MTL_ENABLE_DEBUG_INFO = NO;
				MTL_FAST_MATH = YES;
				SDKROOT = iphoneos;
				SWIFT_COMPILATION_MODE = wholemodule;
				VALIDATE_PRODUCT = YES;
				VERSIONING_SYSTEM = "apple-generic";
				VERSION_INFO_PREFIX = "";
			};
			name = Release;
		};
		22C0811D2C0F1153002820F9 /* Debug */ = {
			isa = XCBuildConfiguration;
			buildSettings = {
				CODE_SIGN_STYLE = Automatic;
				CURRENT_PROJECT_VERSION = 1;
				DEFINES_MODULE = YES;
				DEVELOPMENT_TEAM = PJBUF7JSHK;
				DYLIB_COMPATIBILITY_VERSION = 1;
				DYLIB_CURRENT_VERSION = 1;
				DYLIB_INSTALL_NAME_BASE = "@rpath";
				ENABLE_MODULE_VERIFIER = YES;
				GENERATE_INFOPLIST_FILE = YES;
				INFOPLIST_KEY_NSHumanReadableCopyright = "";
				INSTALL_PATH = "$(LOCAL_LIBRARY_DIR)/Frameworks";
				LD_RUNPATH_SEARCH_PATHS = (
					"$(inherited)",
					"@executable_path/Frameworks",
					"@loader_path/Frameworks",
				);
				MARKETING_VERSION = 1.0;
				MODULE_VERIFIER_SUPPORTED_LANGUAGES = "objective-c objective-c++";
				MODULE_VERIFIER_SUPPORTED_LANGUAGE_STANDARDS = "gnu17 gnu++20";
				PRODUCT_BUNDLE_IDENTIFIER = io.github.lilikazine.ImageKit;
				PRODUCT_NAME = "$(TARGET_NAME:c99extidentifier)";
				SKIP_INSTALL = YES;
				SWIFT_EMIT_LOC_STRINGS = YES;
				SWIFT_VERSION = 5.0;
				TARGETED_DEVICE_FAMILY = "1,2";
			};
			name = Debug;
		};
		22C0811E2C0F1153002820F9 /* Release */ = {
			isa = XCBuildConfiguration;
			buildSettings = {
				CODE_SIGN_STYLE = Automatic;
				CURRENT_PROJECT_VERSION = 1;
				DEFINES_MODULE = YES;
				DEVELOPMENT_TEAM = PJBUF7JSHK;
				DYLIB_COMPATIBILITY_VERSION = 1;
				DYLIB_CURRENT_VERSION = 1;
				DYLIB_INSTALL_NAME_BASE = "@rpath";
				ENABLE_MODULE_VERIFIER = YES;
				GENERATE_INFOPLIST_FILE = YES;
				INFOPLIST_KEY_NSHumanReadableCopyright = "";
				INSTALL_PATH = "$(LOCAL_LIBRARY_DIR)/Frameworks";
				LD_RUNPATH_SEARCH_PATHS = (
					"$(inherited)",
					"@executable_path/Frameworks",
					"@loader_path/Frameworks",
				);
				MARKETING_VERSION = 1.0;
				MODULE_VERIFIER_SUPPORTED_LANGUAGES = "objective-c objective-c++";
				MODULE_VERIFIER_SUPPORTED_LANGUAGE_STANDARDS = "gnu17 gnu++20";
				PRODUCT_BUNDLE_IDENTIFIER = io.github.lilikazine.ImageKit;
				PRODUCT_NAME = "$(TARGET_NAME:c99extidentifier)";
				SKIP_INSTALL = YES;
				SWIFT_EMIT_LOC_STRINGS = YES;
				SWIFT_VERSION = 5.0;
				TARGETED_DEVICE_FAMILY = "1,2";
			};
			name = Release;
		};
		22C081202C0F1153002820F9 /* Debug */ = {
			isa = XCBuildConfiguration;
			buildSettings = {
				ALWAYS_EMBED_SWIFT_STANDARD_LIBRARIES = YES;
				CODE_SIGN_STYLE = Automatic;
				CURRENT_PROJECT_VERSION = 1;
				DEVELOPMENT_TEAM = PJBUF7JSHK;
				GENERATE_INFOPLIST_FILE = YES;
				MARKETING_VERSION = 1.0;
				PRODUCT_BUNDLE_IDENTIFIER = io.github.lilikazine.ImageKitTests;
				PRODUCT_NAME = "$(TARGET_NAME)";
				SWIFT_EMIT_LOC_STRINGS = NO;
				SWIFT_VERSION = 5.0;
				TARGETED_DEVICE_FAMILY = "1,2";
			};
			name = Debug;
		};
		22C081212C0F1153002820F9 /* Release */ = {
			isa = XCBuildConfiguration;
			buildSettings = {
				ALWAYS_EMBED_SWIFT_STANDARD_LIBRARIES = YES;
				CODE_SIGN_STYLE = Automatic;
				CURRENT_PROJECT_VERSION = 1;
				DEVELOPMENT_TEAM = PJBUF7JSHK;
				GENERATE_INFOPLIST_FILE = YES;
				MARKETING_VERSION = 1.0;
				PRODUCT_BUNDLE_IDENTIFIER = io.github.lilikazine.ImageKitTests;
				PRODUCT_NAME = "$(TARGET_NAME)";
				SWIFT_EMIT_LOC_STRINGS = NO;
				SWIFT_VERSION = 5.0;
				TARGETED_DEVICE_FAMILY = "1,2";
			};
			name = Release;
		};
/* End XCBuildConfiguration section */

/* Begin XCConfigurationList section */
		22C081022C0F1153002820F9 /* Build configuration list for PBXProject "ImageKit" */ = {
			isa = XCConfigurationList;
			buildConfigurations = (
				22C0811A2C0F1153002820F9 /* Debug */,
				22C0811B2C0F1153002820F9 /* Release */,
			);
			defaultConfigurationIsVisible = 0;
			defaultConfigurationName = Release;
		};
		22C0811C2C0F1153002820F9 /* Build configuration list for PBXNativeTarget "ImageKit" */ = {
			isa = XCConfigurationList;
			buildConfigurations = (
				22C0811D2C0F1153002820F9 /* Debug */,
				22C0811E2C0F1153002820F9 /* Release */,
			);
			defaultConfigurationIsVisible = 0;
			defaultConfigurationName = Release;
		};
		22C0811F2C0F1153002820F9 /* Build configuration list for PBXNativeTarget "ImageKitTests" */ = {
			isa = XCConfigurationList;
			buildConfigurations = (
				22C081202C0F1153002820F9 /* Debug */,
				22C081212C0F1153002820F9 /* Release */,
			);
			defaultConfigurationIsVisible = 0;
			defaultConfigurationName = Release;
		};
/* End XCConfigurationList section */
	};
	rootObject = 22C080FF2C0F1153002820F9 /* Project object */;
}
